
Microsoft Visual Studio Solution File, Format Version 12.00
# Visual Studio Version 16
VisualStudioVersion = 16.0.30523.141
MinimumVisualStudioVersion = 10.0.40219.1
Project("{8BC9CEB8-8B4A-11D0-8D11-00A0C91BC942}") = "Dx12_C3", "Dx12\Dx12.vcxproj", "{1EC28255-E21C-4BA4-B4BE-4D90FA885DED}"
EndProject
Project("{8BC9CEB8-8B4A-11D0-8D11-00A0C91BC942}") = "Dx12_C4", "Dx12_C4\Dx12_C4.vcxproj", "{F1D55775-B36D-461C-A560-76F6EFC82866}"
EndProject
Project("{8BC9CEB8-8B4A-11D0-8D11-00A0C91BC942}") = "DragonBookC4", "DragonBookC4\DragonBookC4.vcxproj", "{B03CF24B-32CD-48BF-BAE7-F8BDCFF54A7F}"
EndProject
Project("{8BC9CEB8-8B4A-11D0-8D11-00A0C91BC942}") = "Dx12_C3_Rewrite", "Dx12_C3_Rewrite\Dx12_C3_Rewrite.vcxproj", "{CCA1FE3F-0C84-4B80-8BFA-A5E2DC34D5CA}"
EndProject
Project("{8BC9CEB8-8B4A-11D0-8D11-00A0C91BC942}") = "DragonBookC6", "DragonBookC6\DragonBookC6.vcxproj", "{DD34A7B5-F705-4557-B8F2-B7F1CDB4F4E1}"
EndProject
Project("{8BC9CEB8-8B4A-11D0-8D11-00A0C91BC942}") = "DragonBookC6_E2", "DragonBookC6_E2\DragonBookC6_E2.vcxproj", "{4F99D75B-02B5-4207-AE0F-576F709EAF73}"
EndProject
Project("{8BC9CEB8-8B4A-11D0-8D11-00A0C91BC942}") = "DragonBookC6_E4", "DragonBookC6_E4\DragonBookC6_E4.vcxproj", "{54009069-E557-4AD4-8695-94D819F92293}"
EndProject
Project("{8BC9CEB8-8B4A-11D0-8D11-00A0C91BC942}") = "DragonBookC6_E6", "DragonBookC6_E6\DragonBookC6_E6.vcxproj", "{F7551B88-29CF-4E87-83F9-9BD0A818D7F5}"
EndProject
Project("{8BC9CEB8-8B4A-11D0-8D11-00A0C91BC942}") = "DragonBookC6_E7", "DragonBookC6_E7\DragonBookC6_E7.vcxproj", "{F3721A49-D823-4A4C-8353-73BB56E635AB}"
EndProject
Project("{8BC9CEB8-8B4A-11D0-8D11-00A0C91BC942}") = "DragonBookC7_Shapes", "DragonBookC7_Shapes\DragonBookC7_Shapes.vcxproj", "{C22056D3-7EE3-4DA0-A258-CD0FA37B9EDE}"
EndProject
Global
	GlobalSection(SolutionConfigurationPlatforms) = preSolution
		Debug|x64 = Debug|x64
		Debug|x86 = Debug|x86
		Release|x64 = Release|x64
		Release|x86 = Release|x86
	EndGlobalSection
	GlobalSection(ProjectConfigurationPlatforms) = postSolution
		{1EC28255-E21C-4BA4-B4BE-4D90FA885DED}.Debug|x64.ActiveCfg = Debug|x64
		{1EC28255-E21C-4BA4-B4BE-4D90FA885DED}.Debug|x64.Build.0 = Debug|x64
		{1EC28255-E21C-4BA4-B4BE-4D90FA885DED}.Debug|x86.ActiveCfg = Debug|Win32
		{1EC28255-E21C-4BA4-B4BE-4D90FA885DED}.Debug|x86.Build.0 = Debug|Win32
		{1EC28255-E21C-4BA4-B4BE-4D90FA885DED}.Release|x64.ActiveCfg = Release|x64
		{1EC28255-E21C-4BA4-B4BE-4D90FA885DED}.Release|x64.Build.0 = Release|x64
		{1EC28255-E21C-4BA4-B4BE-4D90FA885DED}.Release|x86.ActiveCfg = Release|Win32
		{1EC28255-E21C-4BA4-B4BE-4D90FA885DED}.Release|x86.Build.0 = Release|Win32
		{F1D55775-B36D-461C-A560-76F6EFC82866}.Debug|x64.ActiveCfg = Debug|x64
		{F1D55775-B36D-461C-A560-76F6EFC82866}.Debug|x64.Build.0 = Debug|x64
		{F1D55775-B36D-461C-A560-76F6EFC82866}.Debug|x86.ActiveCfg = Debug|Win32
		{F1D55775-B36D-461C-A560-76F6EFC82866}.Debug|x86.Build.0 = Debug|Win32
		{F1D55775-B36D-461C-A560-76F6EFC82866}.Release|x64.ActiveCfg = Release|x64
		{F1D55775-B36D-461C-A560-76F6EFC82866}.Release|x64.Build.0 = Release|x64
		{F1D55775-B36D-461C-A560-76F6EFC82866}.Release|x86.ActiveCfg = Release|Win32
		{F1D55775-B36D-461C-A560-76F6EFC82866}.Release|x86.Build.0 = Release|Win32
		{B03CF24B-32CD-48BF-BAE7-F8BDCFF54A7F}.Debug|x64.ActiveCfg = Debug|x64
		{B03CF24B-32CD-48BF-BAE7-F8BDCFF54A7F}.Debug|x64.Build.0 = Debug|x64
		{B03CF24B-32CD-48BF-BAE7-F8BDCFF54A7F}.Debug|x86.ActiveCfg = Debug|Win32
		{B03CF24B-32CD-48BF-BAE7-F8BDCFF54A7F}.Debug|x86.Build.0 = Debug|Win32
		{B03CF24B-32CD-48BF-BAE7-F8BDCFF54A7F}.Release|x64.ActiveCfg = Release|x64
		{B03CF24B-32CD-48BF-BAE7-F8BDCFF54A7F}.Release|x64.Build.0 = Release|x64
		{B03CF24B-32CD-48BF-BAE7-F8BDCFF54A7F}.Release|x86.ActiveCfg = Release|Win32
		{B03CF24B-32CD-48BF-BAE7-F8BDCFF54A7F}.Release|x86.Build.0 = Release|Win32
		{CCA1FE3F-0C84-4B80-8BFA-A5E2DC34D5CA}.Debug|x64.ActiveCfg = Debug|x64
		{CCA1FE3F-0C84-4B80-8BFA-A5E2DC34D5CA}.Debug|x64.Build.0 = Debug|x64
		{CCA1FE3F-0C84-4B80-8BFA-A5E2DC34D5CA}.Debug|x86.ActiveCfg = Debug|Win32
		{CCA1FE3F-0C84-4B80-8BFA-A5E2DC34D5CA}.Debug|x86.Build.0 = Debug|Win32
		{CCA1FE3F-0C84-4B80-8BFA-A5E2DC34D5CA}.Release|x64.ActiveCfg = Release|x64
		{CCA1FE3F-0C84-4B80-8BFA-A5E2DC34D5CA}.Release|x64.Build.0 = Release|x64
		{CCA1FE3F-0C84-4B80-8BFA-A5E2DC34D5CA}.Release|x86.ActiveCfg = Release|Win32
		{CCA1FE3F-0C84-4B80-8BFA-A5E2DC34D5CA}.Release|x86.Build.0 = Release|Win32
		{DD34A7B5-F705-4557-B8F2-B7F1CDB4F4E1}.Debug|x64.ActiveCfg = Debug|x64
		{DD34A7B5-F705-4557-B8F2-B7F1CDB4F4E1}.Debug|x64.Build.0 = Debug|x64
		{DD34A7B5-F705-4557-B8F2-B7F1CDB4F4E1}.Debug|x86.ActiveCfg = Debug|Win32
		{DD34A7B5-F705-4557-B8F2-B7F1CDB4F4E1}.Debug|x86.Build.0 = Debug|Win32
		{DD34A7B5-F705-4557-B8F2-B7F1CDB4F4E1}.Release|x64.ActiveCfg = Release|x64
		{DD34A7B5-F705-4557-B8F2-B7F1CDB4F4E1}.Release|x64.Build.0 = Release|x64
		{DD34A7B5-F705-4557-B8F2-B7F1CDB4F4E1}.Release|x86.ActiveCfg = Release|Win32
		{DD34A7B5-F705-4557-B8F2-B7F1CDB4F4E1}.Release|x86.Build.0 = Release|Win32
		{4F99D75B-02B5-4207-AE0F-576F709EAF73}.Debug|x64.ActiveCfg = Debug|x64
		{4F99D75B-02B5-4207-AE0F-576F709EAF73}.Debug|x64.Build.0 = Debug|x64
		{4F99D75B-02B5-4207-AE0F-576F709EAF73}.Debug|x86.ActiveCfg = Debug|Win32
		{4F99D75B-02B5-4207-AE0F-576F709EAF73}.Debug|x86.Build.0 = Debug|Win32
		{4F99D75B-02B5-4207-AE0F-576F709EAF73}.Release|x64.ActiveCfg = Release|x64
		{4F99D75B-02B5-4207-AE0F-576F709EAF73}.Release|x64.Build.0 = Release|x64
		{4F99D75B-02B5-4207-AE0F-576F709EAF73}.Release|x86.ActiveCfg = Release|Win32
		{4F99D75B-02B5-4207-AE0F-576F709EAF73}.Release|x86.Build.0 = Release|Win32
		{54009069-E557-4AD4-8695-94D819F92293}.Debug|x64.ActiveCfg = Debug|x64
		{54009069-E557-4AD4-8695-94D819F92293}.Debug|x64.Build.0 = Debug|x64
		{54009069-E557-4AD4-8695-94D819F92293}.Debug|x86.ActiveCfg = Debug|Win32
		{54009069-E557-4AD4-8695-94D819F92293}.Debug|x86.Build.0 = Debug|Win32
		{54009069-E557-4AD4-8695-94D819F92293}.Release|x64.ActiveCfg = Release|x64
		{54009069-E557-4AD4-8695-94D819F92293}.Release|x64.Build.0 = Release|x64
		{54009069-E557-4AD4-8695-94D819F92293}.Release|x86.ActiveCfg = Release|Win32
		{54009069-E557-4AD4-8695-94D819F92293}.Release|x86.Build.0 = Release|Win32
		{F7551B88-29CF-4E87-83F9-9BD0A818D7F5}.Debug|x64.ActiveCfg = Debug|x64
		{F7551B88-29CF-4E87-83F9-9BD0A818D7F5}.Debug|x64.Build.0 = Debug|x64
		{F7551B88-29CF-4E87-83F9-9BD0A818D7F5}.Debug|x86.ActiveCfg = Debug|Win32
		{F7551B88-29CF-4E87-83F9-9BD0A818D7F5}.Debug|x86.Build.0 = Debug|Win32
		{F7551B88-29CF-4E87-83F9-9BD0A818D7F5}.Release|x64.ActiveCfg = Release|x64
		{F7551B88-29CF-4E87-83F9-9BD0A818D7F5}.Release|x64.Build.0 = Release|x64
		{F7551B88-29CF-4E87-83F9-9BD0A818D7F5}.Release|x86.ActiveCfg = Release|Win32
		{F7551B88-29CF-4E87-83F9-9BD0A818D7F5}.Release|x86.Build.0 = Release|Win32
		{F3721A49-D823-4A4C-8353-73BB56E635AB}.Debug|x64.ActiveCfg = Debug|x64
		{F3721A49-D823-4A4C-8353-73BB56E635AB}.Debug|x64.Build.0 = Debug|x64
		{F3721A49-D823-4A4C-8353-73BB56E635AB}.Debug|x86.ActiveCfg = Debug|Win32
		{F3721A49-D823-4A4C-8353-73BB56E635AB}.Debug|x86.Build.0 = Debug|Win32
		{F3721A49-D823-4A4C-8353-73BB56E635AB}.Release|x64.ActiveCfg = Release|x64
		{F3721A49-D823-4A4C-8353-73BB56E635AB}.Release|x64.Build.0 = Release|x64
		{F3721A49-D823-4A4C-8353-73BB56E635AB}.Release|x86.ActiveCfg = Release|Win32
		{F3721A49-D823-4A4C-8353-73BB56E635AB}.Release|x86.Build.0 = Release|Win32
		{C22056D3-7EE3-4DA0-A258-CD0FA37B9EDE}.Debug|x64.ActiveCfg = Debug|x64
		{C22056D3-7EE3-4DA0-A258-CD0FA37B9EDE}.Debug|x64.Build.0 = Debug|x64
		{C22056D3-7EE3-4DA0-A258-CD0FA37B9EDE}.Debug|x86.ActiveCfg = Debug|Win32
		{C22056D3-7EE3-4DA0-A258-CD0FA37B9EDE}.Debug|x86.Build.0 = Debug|Win32
		{C22056D3-7EE3-4DA0-A258-CD0FA37B9EDE}.Release|x64.ActiveCfg = Release|x64
		{C22056D3-7EE3-4DA0-A258-CD0FA37B9EDE}.Release|x64.Build.0 = Release|x64
		{C22056D3-7EE3-4DA0-A258-CD0FA37B9EDE}.Release|x86.ActiveCfg = Release|Win32
		{C22056D3-7EE3-4DA0-A258-CD0FA37B9EDE}.Release|x86.Build.0 = Release|Win32
	EndGlobalSection
	GlobalSection(SolutionProperties) = preSolution
		HideSolutionNode = FALSE
	EndGlobalSection
	GlobalSection(ExtensibilityGlobals) = postSolution
		SolutionGuid = {4C6D8D9B-45B2-4EE1-86E4-3355258696E4}
	EndGlobalSection
EndGlobal
